
Microsoft Visual Studio Solution File, Format Version 12.00
# Visual Studio Version 17
VisualStudioVersion = 17.0.31903.59
MinimumVisualStudioVersion = 10.0.40219.1
Project("{FAE04EC0-301F-11D3-BF4B-00C04F79EFBC}") = "AsynchronousProgramming", "AsynchronousProgramming\AsynchronousProgramming.csproj", "{28F92CC7-7169-4FAA-9434-29B11E1ACC5C}"
EndProject
Project("{FAE04EC0-301F-11D3-BF4B-00C04F79EFBC}") = "EFGetStarted", "EFGetStarted\EFGetStarted.csproj", "{904AE0DE-71FC-4A69-82BA-CE7CE8FDADDC}"
EndProject
Project("{FAE04EC0-301F-11D3-BF4B-00C04F79EFBC}") = "IronPDF", "IronPDF\IronPDF.csproj", "{8FF616B0-2AF5-408A-A104-313681293F41}"
EndProject
Project("{FAE04EC0-301F-11D3-BF4B-00C04F79EFBC}") = "ProcessAsynchronousTasks", "ProcessAsynchronousTasks\ProcessAsynchronousTasks.csproj", "{339EF485-5BAA-4519-94E3-B01D6632781C}"
EndProject
Project("{FAE04EC0-301F-11D3-BF4B-00C04F79EFBC}") = "AsynchronousFileAccess", "AsynchronousFileAccess\AsynchronousFileAccess.csproj", "{F799E20A-120B-4616-9BEB-3F544741BD9A}"
EndProject
Project("{FAE04EC0-301F-11D3-BF4B-00C04F79EFBC}") = "CancellingTasks", "CancellingTasks\CancellingTasks.csproj", "{E3FBF5D9-990E-4105-A927-5B7AB566984D}"
EndProject
Project("{FAE04EC0-301F-11D3-BF4B-00C04F79EFBC}") = "PDF", "PDF\PDF.csproj", "{95B7D1DB-3583-441B-8DD9-3777DAF72250}"
EndProject
Global
	GlobalSection(SolutionConfigurationPlatforms) = preSolution
		Debug|Any CPU = Debug|Any CPU
		Release|Any CPU = Release|Any CPU
	EndGlobalSection
	GlobalSection(SolutionProperties) = preSolution
		HideSolutionNode = FALSE
	EndGlobalSection
	GlobalSection(ProjectConfigurationPlatforms) = postSolution
		{28F92CC7-7169-4FAA-9434-29B11E1ACC5C}.Debug|Any CPU.ActiveCfg = Debug|Any CPU
		{28F92CC7-7169-4FAA-9434-29B11E1ACC5C}.Debug|Any CPU.Build.0 = Debug|Any CPU
		{28F92CC7-7169-4FAA-9434-29B11E1ACC5C}.Release|Any CPU.ActiveCfg = Release|Any CPU
		{28F92CC7-7169-4FAA-9434-29B11E1ACC5C}.Release|Any CPU.Build.0 = Release|Any CPU
		{904AE0DE-71FC-4A69-82BA-CE7CE8FDADDC}.Debug|Any CPU.ActiveCfg = Debug|Any CPU
		{904AE0DE-71FC-4A69-82BA-CE7CE8FDADDC}.Debug|Any CPU.Build.0 = Debug|Any CPU
		{904AE0DE-71FC-4A69-82BA-CE7CE8FDADDC}.Release|Any CPU.ActiveCfg = Release|Any CPU
		{904AE0DE-71FC-4A69-82BA-CE7CE8FDADDC}.Release|Any CPU.Build.0 = Release|Any CPU
		{8FF616B0-2AF5-408A-A104-313681293F41}.Debug|Any CPU.ActiveCfg = Debug|Any CPU
		{8FF616B0-2AF5-408A-A104-313681293F41}.Debug|Any CPU.Build.0 = Debug|Any CPU
		{8FF616B0-2AF5-408A-A104-313681293F41}.Release|Any CPU.ActiveCfg = Release|Any CPU
		{8FF616B0-2AF5-408A-A104-313681293F41}.Release|Any CPU.Build.0 = Release|Any CPU
		{339EF485-5BAA-4519-94E3-B01D6632781C}.Debug|Any CPU.ActiveCfg = Debug|Any CPU
		{339EF485-5BAA-4519-94E3-B01D6632781C}.Debug|Any CPU.Build.0 = Debug|Any CPU
		{339EF485-5BAA-4519-94E3-B01D6632781C}.Release|Any CPU.ActiveCfg = Release|Any CPU
		{339EF485-5BAA-4519-94E3-B01D6632781C}.Release|Any CPU.Build.0 = Release|Any CPU
		{F799E20A-120B-4616-9BEB-3F544741BD9A}.Debug|Any CPU.ActiveCfg = Debug|Any CPU
		{F799E20A-120B-4616-9BEB-3F544741BD9A}.Debug|Any CPU.Build.0 = Debug|Any CPU
		{F799E20A-120B-4616-9BEB-3F544741BD9A}.Release|Any CPU.ActiveCfg = Release|Any CPU
		{F799E20A-120B-4616-9BEB-3F544741BD9A}.Release|Any CPU.Build.0 = Release|Any CPU
		{E3FBF5D9-990E-4105-A927-5B7AB566984D}.Debug|Any CPU.ActiveCfg = Debug|Any CPU
		{E3FBF5D9-990E-4105-A927-5B7AB566984D}.Debug|Any CPU.Build.0 = Debug|Any CPU
		{E3FBF5D9-990E-4105-A927-5B7AB566984D}.Release|Any CPU.ActiveCfg = Release|Any CPU
		{E3FBF5D9-990E-4105-A927-5B7AB566984D}.Release|Any CPU.Build.0 = Release|Any CPU
		{95B7D1DB-3583-441B-8DD9-3777DAF72250}.Debug|Any CPU.ActiveCfg = Debug|Any CPU
		{95B7D1DB-3583-441B-8DD9-3777DAF72250}.Debug|Any CPU.Build.0 = Debug|Any CPU
		{95B7D1DB-3583-441B-8DD9-3777DAF72250}.Release|Any CPU.ActiveCfg = Release|Any CPU
		{95B7D1DB-3583-441B-8DD9-3777DAF72250}.Release|Any CPU.Build.0 = Release|Any CPU
	EndGlobalSection
EndGlobal
